
Microsoft Visual Studio Solution File, Format Version 12.00
# Visual Studio 15
VisualStudioVersion = 15.0.28307.168
MinimumVisualStudioVersion = 10.0.40219.1
Project("{FAE04EC0-301F-11D3-BF4B-00C04F79EFBC}") = "LoadLibrary", "LoadLibrary\LoadLibrary.csproj", "{2A38B116-60DE-461F-8F4C-0D1BAAF2AF2C}"
EndProject
Project("{FAE04EC0-301F-11D3-BF4B-00C04F79EFBC}") = "IndicatorLibrary", "IndicatorLibrary\IndicatorLibrary.csproj", "{CE0F3B90-344C-4C6F-A56E-DD84EDCAFAE3}"
EndProject
Project("{FAE04EC0-301F-11D3-BF4B-00C04F79EFBC}") = "Task7", "Task7\Task7.csproj", "{E3EC57C8-B06C-4F4C-936D-E05938B35F47}"
EndProject
Global
	GlobalSection(SolutionConfigurationPlatforms) = preSolution
		Debug|Any CPU = Debug|Any CPU
		Release|Any CPU = Release|Any CPU
	EndGlobalSection
	GlobalSection(ProjectConfigurationPlatforms) = postSolution
		{2A38B116-60DE-461F-8F4C-0D1BAAF2AF2C}.Debug|Any CPU.ActiveCfg = Debug|Any CPU
		{2A38B116-60DE-461F-8F4C-0D1BAAF2AF2C}.Debug|Any CPU.Build.0 = Debug|Any CPU
		{2A38B116-60DE-461F-8F4C-0D1BAAF2AF2C}.Release|Any CPU.ActiveCfg = Release|Any CPU
		{2A38B116-60DE-461F-8F4C-0D1BAAF2AF2C}.Release|Any CPU.Build.0 = Release|Any CPU
		{CE0F3B90-344C-4C6F-A56E-DD84EDCAFAE3}.Debug|Any CPU.ActiveCfg = Debug|Any CPU
		{CE0F3B90-344C-4C6F-A56E-DD84EDCAFAE3}.Debug|Any CPU.Build.0 = Debug|Any CPU
		{CE0F3B90-344C-4C6F-A56E-DD84EDCAFAE3}.Release|Any CPU.ActiveCfg = Release|Any CPU
		{CE0F3B90-344C-4C6F-A56E-DD84EDCAFAE3}.Release|Any CPU.Build.0 = Release|Any CPU
		{E3EC57C8-B06C-4F4C-936D-E05938B35F47}.Debug|Any CPU.ActiveCfg = Debug|Any CPU
		{E3EC57C8-B06C-4F4C-936D-E05938B35F47}.Debug|Any CPU.Build.0 = Debug|Any CPU
		{E3EC57C8-B06C-4F4C-936D-E05938B35F47}.Release|Any CPU.ActiveCfg = Release|Any CPU
		{E3EC57C8-B06C-4F4C-936D-E05938B35F47}.Release|Any CPU.Build.0 = Release|Any CPU
	EndGlobalSection
	GlobalSection(SolutionProperties) = preSolution
		HideSolutionNode = FALSE
	EndGlobalSection
	GlobalSection(ExtensibilityGlobals) = postSolution
		SolutionGuid = {36898C1D-D0B1-4D27-B223-71B203542CB3}
	EndGlobalSection
EndGlobal
